
Microsoft Visual Studio Solution File, Format Version 12.00
# Visual Studio Version 17
VisualStudioVersion = 17.5.33530.505
MinimumVisualStudioVersion = 10.0.40219.1
Project("{FAE04EC0-301F-11D3-BF4B-00C04F79EFBC}") = "EjGuia6Polideportivo", "EjGuia6Polideportivo.csproj", "{5107D140-7F2A-4E8E-A200-A2DA8CC93907}"
EndProject
Project("{FAE04EC0-301F-11D3-BF4B-00C04F79EFBC}") = "BibliotecaClasesPolideportivo", "..\BibliotecaClasesPolideportivo\BibliotecaClasesPolideportivo.csproj", "{0528487E-59FB-4F86-A60D-0E237B574A5A}"
EndProject
Global
	GlobalSection(SolutionConfigurationPlatforms) = preSolution
		Debug|Any CPU = Debug|Any CPU
		Release|Any CPU = Release|Any CPU
	EndGlobalSection
	GlobalSection(ProjectConfigurationPlatforms) = postSolution
		{5107D140-7F2A-4E8E-A200-A2DA8CC93907}.Debug|Any CPU.ActiveCfg = Debug|Any CPU
		{5107D140-7F2A-4E8E-A200-A2DA8CC93907}.Debug|Any CPU.Build.0 = Debug|Any CPU
		{5107D140-7F2A-4E8E-A200-A2DA8CC93907}.Release|Any CPU.ActiveCfg = Release|Any CPU
		{5107D140-7F2A-4E8E-A200-A2DA8CC93907}.Release|Any CPU.Build.0 = Release|Any CPU
		{0528487E-59FB-4F86-A60D-0E237B574A5A}.Debug|Any CPU.ActiveCfg = Debug|Any CPU
		{0528487E-59FB-4F86-A60D-0E237B574A5A}.Debug|Any CPU.Build.0 = Debug|Any CPU
		{0528487E-59FB-4F86-A60D-0E237B574A5A}.Release|Any CPU.ActiveCfg = Release|Any CPU
		{0528487E-59FB-4F86-A60D-0E237B574A5A}.Release|Any CPU.Build.0 = Release|Any CPU
	EndGlobalSection
	GlobalSection(SolutionProperties) = preSolution
		HideSolutionNode = FALSE
	EndGlobalSection
	GlobalSection(ExtensibilityGlobals) = postSolution
		SolutionGuid = {8D332469-1F98-44E6-B677-E02EC29520CB}
	EndGlobalSection
EndGlobal
