
Microsoft Visual Studio Solution File, Format Version 12.00
# Visual Studio Version 17
VisualStudioVersion = 17.5.33516.290
MinimumVisualStudioVersion = 10.0.40219.1
Project("{FAE04EC0-301F-11D3-BF4B-00C04F79EFBC}") = "Ejercicio11Guia", "Ejercicio11Guia.csproj", "{9727EE31-5950-4702-B90F-8A5F001D6F09}"
EndProject
Project("{FAE04EC0-301F-11D3-BF4B-00C04F79EFBC}") = "BLL", "..\BLL\BLL.csproj", "{DE7FC63E-2167-45AA-92B2-8E35E11CCA8B}"
EndProject
Global
	GlobalSection(SolutionConfigurationPlatforms) = preSolution
		Debug|Any CPU = Debug|Any CPU
		Release|Any CPU = Release|Any CPU
	EndGlobalSection
	GlobalSection(ProjectConfigurationPlatforms) = postSolution
		{9727EE31-5950-4702-B90F-8A5F001D6F09}.Debug|Any CPU.ActiveCfg = Debug|Any CPU
		{9727EE31-5950-4702-B90F-8A5F001D6F09}.Debug|Any CPU.Build.0 = Debug|Any CPU
		{9727EE31-5950-4702-B90F-8A5F001D6F09}.Release|Any CPU.ActiveCfg = Release|Any CPU
		{9727EE31-5950-4702-B90F-8A5F001D6F09}.Release|Any CPU.Build.0 = Release|Any CPU
		{DE7FC63E-2167-45AA-92B2-8E35E11CCA8B}.Debug|Any CPU.ActiveCfg = Debug|Any CPU
		{DE7FC63E-2167-45AA-92B2-8E35E11CCA8B}.Debug|Any CPU.Build.0 = Debug|Any CPU
		{DE7FC63E-2167-45AA-92B2-8E35E11CCA8B}.Release|Any CPU.ActiveCfg = Release|Any CPU
		{DE7FC63E-2167-45AA-92B2-8E35E11CCA8B}.Release|Any CPU.Build.0 = Release|Any CPU
	EndGlobalSection
	GlobalSection(SolutionProperties) = preSolution
		HideSolutionNode = FALSE
	EndGlobalSection
	GlobalSection(ExtensibilityGlobals) = postSolution
		SolutionGuid = {829E22C3-4B0A-4AFF-858B-40168527D510}
	EndGlobalSection
EndGlobal
